<?xml version="1.0" encoding="UTF-8" standalone="yes" ?>
<CodeBlocks_project_file>
	<FileVersion major="1" minor="6" />
	<Project>
		<Option title="Tarot SDL" />
		<Option pch_mode="2" />
		<Option compiler="gcc" />
		<Build>
			<Target title="Debug">
				<Option output="bin/Debug/Test" prefix_auto="1" extension_auto="1" />
				<Option object_output="obj/Debug/" />
				<Option type="1" />
				<Option compiler="gcc" />
				<Compiler>
					<Add option="-g" />
				</Compiler>
			</Target>
			<Target title="Release">
				<Option output="bin/Release/Test" prefix_auto="1" extension_auto="1" />
				<Option object_output="obj/Release/" />
				<Option type="0" />
				<Option compiler="gcc" />
				<Compiler>
					<Add option="-O2" />
				</Compiler>
				<Linker>
					<Add option="-s" />
				</Linker>
			</Target>
		</Build>
		<Compiler>
			<Add option="-Wall" />
			<Add directory="D:/CodeBlocks/SDL-1.2.15/include" />
		</Compiler>
		<Linker>
			<Add library="mingw32" />
			<Add library="SDLmain" />
			<Add library="SDL.dll" />
			<Add library="user32" />
			<Add library="gdi32" />
			<Add library="winmm" />
			<Add library="dxguid" />
			<Add library="D:/CodeBlocks/SDL-1.2.15/lib/SDL_ttf.lib" />
			<Add library="D:/CodeBlocks/SDL_image-1.2.12/lib/SDL_image.lib" />
			<Add directory="D:/CodeBlocks/SDL-1.2.15/lib" />
		</Linker>
		<Unit filename="affichage.c">
			<Option compilerVar="CC" />
		</Unit>
		<Unit filename="affichage.h" />
		<Unit filename="carte.c">
			<Option compilerVar="CC" />
		</Unit>
		<Unit filename="carte.h" />
		<Unit filename="fichier.c">
			<Option compilerVar="CC" />
		</Unit>
		<Unit filename="fichier.h" />
		<Unit filename="jeu_carte.c">
			<Option compilerVar="CC" />
		</Unit>
		<Unit filename="jeu_carte.h" />
		<Unit filename="joueur.c">
			<Option compilerVar="CC" />
		</Unit>
		<Unit filename="joueur.h" />
		<Unit filename="liste_chainee.c">
			<Option compilerVar="CC" />
		</Unit>
		<Unit filename="liste_chainee.h" />
		<Unit filename="main.c">
			<Option compilerVar="CC" />
		</Unit>
		<Unit filename="structures.c">
			<Option compilerVar="CC" />
		</Unit>
		<Unit filename="structures.h" />
		<Extensions>
			<code_completion />
			<envvars />
			<debugger />
			<lib_finder disable_auto="1" />
		</Extensions>
	</Project>
</CodeBlocks_project_file>
